
Microsoft Visual Studio Solution File, Format Version 12.00
# Visual Studio Version 17
VisualStudioVersion = 17.10.34928.147
MinimumVisualStudioVersion = 10.0.40219.1
Project("{9A19103F-16F7-4668-BE54-9A1E7A4F7556}") = "CSConfig", "CSConfig\CSConfig.csproj", "{0C66347A-7271-4BE5-A9B5-C104694A8D0B}"
EndProject
Project("{9A19103F-16F7-4668-BE54-9A1E7A4F7556}") = "AvaloniaFrontEnd", "AvaloniaFrontEnd\AvaloniaFrontEnd.csproj", "{6AD11457-B6D3-4731-8AE5-4B754BE1BD7E}"
EndProject
Project("{9A19103F-16F7-4668-BE54-9A1E7A4F7556}") = "csmake", "csmake\csmake.csproj", "{A597A63B-BDF0-4040-B480-383BEDCE69D3}"
EndProject
Project("{9A19103F-16F7-4668-BE54-9A1E7A4F7556}") = "WpfFrontEnd.Designer", "WpfFrontEnd.Designer\WpfFrontEnd.Designer.csproj", "{D8E939C2-DCA2-4DF3-975E-776E15A09F0B}"
EndProject
Project("{2150E333-8FDC-42A3-9474-1A3956D46DE8}") = "解决方案项", "解决方案项", "{625E3994-D32B-442B-9F7C-A3701349A85A}"
	ProjectSection(SolutionItems) = preProject
		README.md = README.md
	EndProjectSection
EndProject
Global
	GlobalSection(SolutionConfigurationPlatforms) = preSolution
		Debug|Any CPU = Debug|Any CPU
		Release|Any CPU = Release|Any CPU
	EndGlobalSection
	GlobalSection(ProjectConfigurationPlatforms) = postSolution
		{0C66347A-7271-4BE5-A9B5-C104694A8D0B}.Debug|Any CPU.ActiveCfg = Debug|Any CPU
		{0C66347A-7271-4BE5-A9B5-C104694A8D0B}.Debug|Any CPU.Build.0 = Debug|Any CPU
		{0C66347A-7271-4BE5-A9B5-C104694A8D0B}.Release|Any CPU.ActiveCfg = Release|Any CPU
		{0C66347A-7271-4BE5-A9B5-C104694A8D0B}.Release|Any CPU.Build.0 = Release|Any CPU
		{6AD11457-B6D3-4731-8AE5-4B754BE1BD7E}.Debug|Any CPU.ActiveCfg = Debug|Any CPU
		{6AD11457-B6D3-4731-8AE5-4B754BE1BD7E}.Debug|Any CPU.Build.0 = Debug|Any CPU
		{6AD11457-B6D3-4731-8AE5-4B754BE1BD7E}.Release|Any CPU.ActiveCfg = Release|Any CPU
		{6AD11457-B6D3-4731-8AE5-4B754BE1BD7E}.Release|Any CPU.Build.0 = Release|Any CPU
		{A597A63B-BDF0-4040-B480-383BEDCE69D3}.Debug|Any CPU.ActiveCfg = Debug|Any CPU
		{A597A63B-BDF0-4040-B480-383BEDCE69D3}.Debug|Any CPU.Build.0 = Debug|Any CPU
		{A597A63B-BDF0-4040-B480-383BEDCE69D3}.Release|Any CPU.ActiveCfg = Release|Any CPU
		{A597A63B-BDF0-4040-B480-383BEDCE69D3}.Release|Any CPU.Build.0 = Release|Any CPU
		{D8E939C2-DCA2-4DF3-975E-776E15A09F0B}.Debug|Any CPU.ActiveCfg = Debug|Any CPU
		{D8E939C2-DCA2-4DF3-975E-776E15A09F0B}.Debug|Any CPU.Build.0 = Debug|Any CPU
		{D8E939C2-DCA2-4DF3-975E-776E15A09F0B}.Release|Any CPU.ActiveCfg = Release|Any CPU
		{D8E939C2-DCA2-4DF3-975E-776E15A09F0B}.Release|Any CPU.Build.0 = Release|Any CPU
	EndGlobalSection
	GlobalSection(SolutionProperties) = preSolution
		HideSolutionNode = FALSE
	EndGlobalSection
	GlobalSection(ExtensibilityGlobals) = postSolution
		SolutionGuid = {6662822B-10C9-4E8F-843F-2171032191CF}
	EndGlobalSection
EndGlobal
